
Microsoft Visual Studio Solution File, Format Version 12.00
# Visual Studio 14
VisualStudioVersion = 14.0.25420.1
MinimumVisualStudioVersion = 10.0.40219.1
Project("{FAE04EC0-301F-11D3-BF4B-00C04F79EFBC}") = "FFI_TESTS", "FFI_TESTS.csproj", "{6F6AE0D5-7948-4D14-92B3-57EB42A649A7}"
EndProject
Global
	GlobalSection(SolutionConfigurationPlatforms) = preSolution
		Debug|Any CPU = Debug|Any CPU
		Release|Any CPU = Release|Any CPU
	EndGlobalSection
	GlobalSection(ProjectConfigurationPlatforms) = postSolution
		{6F6AE0D5-7948-4D14-92B3-57EB42A649A7}.Debug|Any CPU.ActiveCfg = Debug|Any CPU
		{6F6AE0D5-7948-4D14-92B3-57EB42A649A7}.Debug|Any CPU.Build.0 = Debug|Any CPU
		{6F6AE0D5-7948-4D14-92B3-57EB42A649A7}.Release|Any CPU.ActiveCfg = Release|Any CPU
		{6F6AE0D5-7948-4D14-92B3-57EB42A649A7}.Release|Any CPU.Build.0 = Release|Any CPU
	EndGlobalSection
	GlobalSection(SolutionProperties) = preSolution
		HideSolutionNode = FALSE
	EndGlobalSection
EndGlobal
